
Microsoft Visual Studio Solution File, Format Version 12.00
# Visual Studio Version 17
VisualStudioVersion = 17.3.32929.385
MinimumVisualStudioVersion = 10.0.40219.1
Project("{FAE04EC0-301F-11D3-BF4B-00C04F79EFBC}") = "Samples", "Samples\Samples.csproj", "{47E0C212-F927-4F37-9EBD-7670B4832B32}"
EndProject
Global
	GlobalSection(SolutionConfigurationPlatforms) = preSolution
		Debug|Any CPU = Debug|Any CPU
		Release|Any CPU = Release|Any CPU
	EndGlobalSection
	GlobalSection(ProjectConfigurationPlatforms) = postSolution
		{47E0C212-F927-4F37-9EBD-7670B4832B32}.Debug|Any CPU.ActiveCfg = Debug|Any CPU
		{47E0C212-F927-4F37-9EBD-7670B4832B32}.Debug|Any CPU.Build.0 = Debug|Any CPU
		{47E0C212-F927-4F37-9EBD-7670B4832B32}.Release|Any CPU.ActiveCfg = Release|Any CPU
		{47E0C212-F927-4F37-9EBD-7670B4832B32}.Release|Any CPU.Build.0 = Release|Any CPU
	EndGlobalSection
	GlobalSection(SolutionProperties) = preSolution
		HideSolutionNode = FALSE
	EndGlobalSection
	GlobalSection(ExtensibilityGlobals) = postSolution
		SolutionGuid = {1147FE2E-9A74-4983-BC86-DF7100A25D32}
	EndGlobalSection
EndGlobal
